// !$*UTF8*$!
{
	archiveVersion = 1;
	classes = {
	};
	objectVersion = 52;
	objects = {

/* Begin PBXBuildFile section */
		9F07816D24C423A0003C26E5 /* MBText.swift in Sources */ = {isa = PBXBuildFile; fileRef = 9F07816C24C423A0003C26E5 /* MBText.swift */; };
		9F07816F24C43C91003C26E5 /* CommentInputView.swift in Sources */ = {isa = PBXBuildFile; fileRef = 9F07816E24C43C91003C26E5 /* CommentInputView.swift */; };
		9F0C07F424A06CA90076BF08 /* loginheader.jpg in Resources */ = {isa = PBXBuildFile; fileRef = 9F0C07F324A06CA90076BF08 /* loginheader.jpg */; };
		9F101FF624C3DB0F00947B89 /* ShopPageCreatorView.swift in Sources */ = {isa = PBXBuildFile; fileRef = 9F101FF524C3DB0F00947B89 /* ShopPageCreatorView.swift */; };
		9F23891824C8381800436F45 /* PartialSheet in Frameworks */ = {isa = PBXBuildFile; productRef = 9F23891724C8381800436F45 /* PartialSheet */; };
		9F23891B24C83AA900436F45 /* SDWebImageSVGCoder in Frameworks */ = {isa = PBXBuildFile; productRef = 9F23891A24C83AA900436F45 /* SDWebImageSVGCoder */; };
		9F23891D24C85F0500436F45 /* DocFileManager.swift in Sources */ = {isa = PBXBuildFile; fileRef = 9F23891C24C85F0500436F45 /* DocFileManager.swift */; };
		9F24EDB124CBA9E300D02ABC /* mb_qr.jpg in Resources */ = {isa = PBXBuildFile; fileRef = 9F24EDB024CBA9E300D02ABC /* mb_qr.jpg */; };
		9F27617E24A5CAED00D96C3E /* CodeScanner.swift in Sources */ = {isa = PBXBuildFile; fileRef = 9F27617D24A5CAED00D96C3E /* CodeScanner.swift */; };
		9F27618224A5E53F00D96C3E /* MainView.swift in Sources */ = {isa = PBXBuildFile; fileRef = 9F27618124A5E53F00D96C3E /* MainView.swift */; };
		9F27618624AAF4B100D96C3E /* KeyChain.swift in Sources */ = {isa = PBXBuildFile; fileRef = 9F27618524AAF4B100D96C3E /* KeyChain.swift */; };
		9F43AE6024AB001600866A11 /* MBDeviceData.swift in Sources */ = {isa = PBXBuildFile; fileRef = 9F43AE5F24AB001600866A11 /* MBDeviceData.swift */; };
		9F43AE6224AEDF1B00866A11 /* Constants.swift in Sources */ = {isa = PBXBuildFile; fileRef = 9F43AE6124AEDF1B00866A11 /* Constants.swift */; };
		9F43AE6624AEE16100866A11 /* DeviceHelper.swift in Sources */ = {isa = PBXBuildFile; fileRef = 9F43AE6524AEE16100866A11 /* DeviceHelper.swift */; };
		9F43AE6824AEF79F00866A11 /* RegistView.swift in Sources */ = {isa = PBXBuildFile; fileRef = 9F43AE6724AEF79F00866A11 /* RegistView.swift */; };
		9F43AE6A24AF144000866A11 /* FindPSWView.swift in Sources */ = {isa = PBXBuildFile; fileRef = 9F43AE6924AF144000866A11 /* FindPSWView.swift */; };
		9F4F22B124C27B610042ECD9 /* WebView.swift in Sources */ = {isa = PBXBuildFile; fileRef = 9F4F22B024C27B600042ECD9 /* WebView.swift */; };
		9F501BBA24A03A4D00AD4053 /* AppDelegate.swift in Sources */ = {isa = PBXBuildFile; fileRef = 9F501BB924A03A4D00AD4053 /* AppDelegate.swift */; };
		9F501BBC24A03A4D00AD4053 /* SceneDelegate.swift in Sources */ = {isa = PBXBuildFile; fileRef = 9F501BBB24A03A4D00AD4053 /* SceneDelegate.swift */; };
		9F501BBE24A03A4D00AD4053 /* ContentView.swift in Sources */ = {isa = PBXBuildFile; fileRef = 9F501BBD24A03A4D00AD4053 /* ContentView.swift */; };
		9F501BC024A03A5200AD4053 /* Assets.xcassets in Resources */ = {isa = PBXBuildFile; fileRef = 9F501BBF24A03A5200AD4053 /* Assets.xcassets */; };
		9F501BC324A03A5200AD4053 /* Preview Assets.xcassets in Resources */ = {isa = PBXBuildFile; fileRef = 9F501BC224A03A5200AD4053 /* Preview Assets.xcassets */; };
		9F501BC624A03A5200AD4053 /* LaunchScreen.storyboard in Resources */ = {isa = PBXBuildFile; fileRef = 9F501BC424A03A5200AD4053 /* LaunchScreen.storyboard */; };
		9F501BCE24A03A8C00AD4053 /* LoginView.swift in Sources */ = {isa = PBXBuildFile; fileRef = 9F501BCD24A03A8C00AD4053 /* LoginView.swift */; };
		9F58F93B24B055D000E1A937 /* DeviceInfo.swift in Sources */ = {isa = PBXBuildFile; fileRef = 9F58F93A24B055D000E1A937 /* DeviceInfo.swift */; };
		9F58F93D24B05C7700E1A937 /* APIHelper.swift in Sources */ = {isa = PBXBuildFile; fileRef = 9F58F93C24B05C7700E1A937 /* APIHelper.swift */; };
		9F908AA724CB1F29003E1625 /* Token.swift in Sources */ = {isa = PBXBuildFile; fileRef = 9F908AA624CB1F29003E1625 /* Token.swift */; };
		9F913E1424C2B29800EE6095 /* YoutubeWebView.swift in Sources */ = {isa = PBXBuildFile; fileRef = 9F913E1324C2B29800EE6095 /* YoutubeWebView.swift */; };
		9F913E1724C2BDC500EE6095 /* ShopHeadView.swift in Sources */ = {isa = PBXBuildFile; fileRef = 9F913E1624C2BDC500EE6095 /* ShopHeadView.swift */; };
		9F913E1A24C2E75200EE6095 /* ShopInfoResult.swift in Sources */ = {isa = PBXBuildFile; fileRef = 9F913E1924C2E75200EE6095 /* ShopInfoResult.swift */; };
		9F913E1C24C2ED3A00EE6095 /* ShopMainView.swift in Sources */ = {isa = PBXBuildFile; fileRef = 9F913E1B24C2ED3A00EE6095 /* ShopMainView.swift */; };
		9F92722924CA66E900D9C947 /* LoginResult.swift in Sources */ = {isa = PBXBuildFile; fileRef = 9F92722824CA66E900D9C947 /* LoginResult.swift */; };
		9F93991024C7410500925282 /* TestView.swift in Sources */ = {isa = PBXBuildFile; fileRef = 9F93990F24C7410500925282 /* TestView.swift */; };
		9FAC423624BA085400472429 /* MBUIColor.swift in Sources */ = {isa = PBXBuildFile; fileRef = 9FAC423524BA085400472429 /* MBUIColor.swift */; };
		9FC1372924C0AF8900DE7F25 /* loginheader.png in Resources */ = {isa = PBXBuildFile; fileRef = 9FC1372724C0AF8900DE7F25 /* loginheader.png */; };
		9FD1FFA424B993E1002BCA81 /* BottomTabResource.swift in Sources */ = {isa = PBXBuildFile; fileRef = 9FD1FFA324B993E1002BCA81 /* BottomTabResource.swift */; };
		9FE1EC3824B09D4C00F8353F /* APIResult.swift in Sources */ = {isa = PBXBuildFile; fileRef = 9FE1EC3724B09D4C00F8353F /* APIResult.swift */; };
		9FE1EC4324B8AD3200F8353F /* ShopTabView.swift in Sources */ = {isa = PBXBuildFile; fileRef = 9FE1EC4224B8AD3200F8353F /* ShopTabView.swift */; };
		9FE1EC4524B8AD5D00F8353F /* MenuView.swift in Sources */ = {isa = PBXBuildFile; fileRef = 9FE1EC4424B8AD5D00F8353F /* MenuView.swift */; };
		9FE1EC4824B94A4000F8353F /* SDWebImageSwiftUI in Frameworks */ = {isa = PBXBuildFile; productRef = 9FE1EC4724B94A4000F8353F /* SDWebImageSwiftUI */; };
		9FE1EC4A24B973E100F8353F /* MBWebImageView.swift in Sources */ = {isa = PBXBuildFile; fileRef = 9FE1EC4924B973E100F8353F /* MBWebImageView.swift */; };
		9FE1EC4C24B986E800F8353F /* BottomTabHelperView.swift in Sources */ = {isa = PBXBuildFile; fileRef = 9FE1EC4B24B986E800F8353F /* BottomTabHelperView.swift */; };
		9FF1F87024C5DA9500D90B53 /* Model.swift in Sources */ = {isa = PBXBuildFile; fileRef = 9FF1F86F24C5DA9500D90B53 /* Model.swift */; };
/* End PBXBuildFile section */

/* Begin PBXFileReference section */
		9F07816C24C423A0003C26E5 /* MBText.swift */ = {isa = PBXFileReference; lastKnownFileType = sourcecode.swift; path = MBText.swift; sourceTree = "<group>"; };
		9F07816E24C43C91003C26E5 /* CommentInputView.swift */ = {isa = PBXFileReference; lastKnownFileType = sourcecode.swift; path = CommentInputView.swift; sourceTree = "<group>"; };
		9F0C07F324A06CA90076BF08 /* loginheader.jpg */ = {isa = PBXFileReference; lastKnownFileType = image.jpeg; path = loginheader.jpg; sourceTree = "<group>"; };
		9F101FF524C3DB0F00947B89 /* ShopPageCreatorView.swift */ = {isa = PBXFileReference; lastKnownFileType = sourcecode.swift; path = ShopPageCreatorView.swift; sourceTree = "<group>"; };
		9F23891C24C85F0500436F45 /* DocFileManager.swift */ = {isa = PBXFileReference; lastKnownFileType = sourcecode.swift; path = DocFileManager.swift; sourceTree = "<group>"; };
		9F24EDB024CBA9E300D02ABC /* mb_qr.jpg */ = {isa = PBXFileReference; lastKnownFileType = image.jpeg; name = mb_qr.jpg; path = ../../../../../../Downloads/mb_qr.jpg; sourceTree = "<group>"; };
		9F27617D24A5CAED00D96C3E /* CodeScanner.swift */ = {isa = PBXFileReference; lastKnownFileType = sourcecode.swift; path = CodeScanner.swift; sourceTree = "<group>"; };
		9F27618124A5E53F00D96C3E /* MainView.swift */ = {isa = PBXFileReference; lastKnownFileType = sourcecode.swift; path = MainView.swift; sourceTree = "<group>"; };
		9F27618524AAF4B100D96C3E /* KeyChain.swift */ = {isa = PBXFileReference; lastKnownFileType = sourcecode.swift; path = KeyChain.swift; sourceTree = "<group>"; };
		9F43AE5F24AB001600866A11 /* MBDeviceData.swift */ = {isa = PBXFileReference; lastKnownFileType = sourcecode.swift; path = MBDeviceData.swift; sourceTree = "<group>"; };
		9F43AE6124AEDF1B00866A11 /* Constants.swift */ = {isa = PBXFileReference; lastKnownFileType = sourcecode.swift; path = Constants.swift; sourceTree = "<group>"; };
		9F43AE6524AEE16100866A11 /* DeviceHelper.swift */ = {isa = PBXFileReference; lastKnownFileType = sourcecode.swift; path = DeviceHelper.swift; sourceTree = "<group>"; };
		9F43AE6724AEF79F00866A11 /* RegistView.swift */ = {isa = PBXFileReference; lastKnownFileType = sourcecode.swift; path = RegistView.swift; sourceTree = "<group>"; };
		9F43AE6924AF144000866A11 /* FindPSWView.swift */ = {isa = PBXFileReference; lastKnownFileType = sourcecode.swift; path = FindPSWView.swift; sourceTree = "<group>"; };
		9F4F22B024C27B600042ECD9 /* WebView.swift */ = {isa = PBXFileReference; lastKnownFileType = sourcecode.swift; path = WebView.swift; sourceTree = "<group>"; };
		9F501BB624A03A4D00AD4053 /* mBook.app */ = {isa = PBXFileReference; explicitFileType = wrapper.application; includeInIndex = 0; path = mBook.app; sourceTree = BUILT_PRODUCTS_DIR; };
		9F501BB924A03A4D00AD4053 /* AppDelegate.swift */ = {isa = PBXFileReference; lastKnownFileType = sourcecode.swift; path = AppDelegate.swift; sourceTree = "<group>"; };
		9F501BBB24A03A4D00AD4053 /* SceneDelegate.swift */ = {isa = PBXFileReference; lastKnownFileType = sourcecode.swift; path = SceneDelegate.swift; sourceTree = "<group>"; };
		9F501BBD24A03A4D00AD4053 /* ContentView.swift */ = {isa = PBXFileReference; lastKnownFileType = sourcecode.swift; path = ContentView.swift; sourceTree = "<group>"; };
		9F501BBF24A03A5200AD4053 /* Assets.xcassets */ = {isa = PBXFileReference; lastKnownFileType = folder.assetcatalog; path = Assets.xcassets; sourceTree = "<group>"; };
		9F501BC224A03A5200AD4053 /* Preview Assets.xcassets */ = {isa = PBXFileReference; lastKnownFileType = folder.assetcatalog; path = "Preview Assets.xcassets"; sourceTree = "<group>"; };
		9F501BC524A03A5200AD4053 /* Base */ = {isa = PBXFileReference; lastKnownFileType = file.storyboard; name = Base; path = Base.lproj/LaunchScreen.storyboard; sourceTree = "<group>"; };
		9F501BC724A03A5200AD4053 /* Info.plist */ = {isa = PBXFileReference; lastKnownFileType = text.plist.xml; path = Info.plist; sourceTree = "<group>"; };
		9F501BCD24A03A8C00AD4053 /* LoginView.swift */ = {isa = PBXFileReference; lastKnownFileType = sourcecode.swift; path = LoginView.swift; sourceTree = "<group>"; };
		9F58F93A24B055D000E1A937 /* DeviceInfo.swift */ = {isa = PBXFileReference; lastKnownFileType = sourcecode.swift; path = DeviceInfo.swift; sourceTree = "<group>"; };
		9F58F93C24B05C7700E1A937 /* APIHelper.swift */ = {isa = PBXFileReference; lastKnownFileType = sourcecode.swift; path = APIHelper.swift; sourceTree = "<group>"; };
		9F908AA624CB1F29003E1625 /* Token.swift */ = {isa = PBXFileReference; lastKnownFileType = sourcecode.swift; path = Token.swift; sourceTree = "<group>"; };
		9F913E1324C2B29800EE6095 /* YoutubeWebView.swift */ = {isa = PBXFileReference; lastKnownFileType = sourcecode.swift; path = YoutubeWebView.swift; sourceTree = "<group>"; };
		9F913E1624C2BDC500EE6095 /* ShopHeadView.swift */ = {isa = PBXFileReference; lastKnownFileType = sourcecode.swift; path = ShopHeadView.swift; sourceTree = "<group>"; };
		9F913E1924C2E75200EE6095 /* ShopInfoResult.swift */ = {isa = PBXFileReference; lastKnownFileType = sourcecode.swift; path = ShopInfoResult.swift; sourceTree = "<group>"; };
		9F913E1B24C2ED3A00EE6095 /* ShopMainView.swift */ = {isa = PBXFileReference; lastKnownFileType = sourcecode.swift; path = ShopMainView.swift; sourceTree = "<group>"; };
		9F92722824CA66E900D9C947 /* LoginResult.swift */ = {isa = PBXFileReference; lastKnownFileType = sourcecode.swift; path = LoginResult.swift; sourceTree = "<group>"; };
		9F93990F24C7410500925282 /* TestView.swift */ = {isa = PBXFileReference; lastKnownFileType = sourcecode.swift; path = TestView.swift; sourceTree = "<group>"; };
		9FAC423524BA085400472429 /* MBUIColor.swift */ = {isa = PBXFileReference; lastKnownFileType = sourcecode.swift; path = MBUIColor.swift; sourceTree = "<group>"; };
		9FC1372724C0AF8900DE7F25 /* loginheader.png */ = {isa = PBXFileReference; lastKnownFileType = image.png; path = loginheader.png; sourceTree = "<group>"; };
		9FD1FFA324B993E1002BCA81 /* BottomTabResource.swift */ = {isa = PBXFileReference; lastKnownFileType = sourcecode.swift; path = BottomTabResource.swift; sourceTree = "<group>"; };
		9FE1EC3724B09D4C00F8353F /* APIResult.swift */ = {isa = PBXFileReference; lastKnownFileType = sourcecode.swift; path = APIResult.swift; sourceTree = "<group>"; };
		9FE1EC4224B8AD3200F8353F /* ShopTabView.swift */ = {isa = PBXFileReference; lastKnownFileType = sourcecode.swift; path = ShopTabView.swift; sourceTree = "<group>"; };
		9FE1EC4424B8AD5D00F8353F /* MenuView.swift */ = {isa = PBXFileReference; lastKnownFileType = sourcecode.swift; path = MenuView.swift; sourceTree = "<group>"; };
		9FE1EC4924B973E100F8353F /* MBWebImageView.swift */ = {isa = PBXFileReference; lastKnownFileType = sourcecode.swift; path = MBWebImageView.swift; sourceTree = "<group>"; };
		9FE1EC4B24B986E800F8353F /* BottomTabHelperView.swift */ = {isa = PBXFileReference; lastKnownFileType = sourcecode.swift; path = BottomTabHelperView.swift; sourceTree = "<group>"; };
		9FF1F86F24C5DA9500D90B53 /* Model.swift */ = {isa = PBXFileReference; lastKnownFileType = sourcecode.swift; path = Model.swift; sourceTree = "<group>"; };
/* End PBXFileReference section */

/* Begin PBXFrameworksBuildPhase section */
		9F501BB324A03A4D00AD4053 /* Frameworks */ = {
			isa = PBXFrameworksBuildPhase;
			buildActionMask = 2147483647;
			files = (
				9F23891B24C83AA900436F45 /* SDWebImageSVGCoder in Frameworks */,
				9F23891824C8381800436F45 /* PartialSheet in Frameworks */,
				9FE1EC4824B94A4000F8353F /* SDWebImageSwiftUI in Frameworks */,
			);
			runOnlyForDeploymentPostprocessing = 0;
		};
/* End PBXFrameworksBuildPhase section */

/* Begin PBXGroup section */
		9F43AE6424AEE11D00866A11 /* Base */ = {
			isa = PBXGroup;
			children = (
				9FE1EC3724B09D4C00F8353F /* APIResult.swift */,
				9F92722824CA66E900D9C947 /* LoginResult.swift */,
				9F43AE6124AEDF1B00866A11 /* Constants.swift */,
				9F27618524AAF4B100D96C3E /* KeyChain.swift */,
				9F43AE6524AEE16100866A11 /* DeviceHelper.swift */,
				9F58F93A24B055D000E1A937 /* DeviceInfo.swift */,
				9F58F93C24B05C7700E1A937 /* APIHelper.swift */,
				9FE1EC4924B973E100F8353F /* MBWebImageView.swift */,
				9FAC423524BA085400472429 /* MBUIColor.swift */,
				9F4F22B024C27B600042ECD9 /* WebView.swift */,
				9F913E1324C2B29800EE6095 /* YoutubeWebView.swift */,
				9F07816E24C43C91003C26E5 /* CommentInputView.swift */,
				9F23891C24C85F0500436F45 /* DocFileManager.swift */,
				9F908AA624CB1F29003E1625 /* Token.swift */,
			);
			path = Base;
			sourceTree = "<group>";
		};
		9F501BAD24A03A4D00AD4053 = {
			isa = PBXGroup;
			children = (
				9F501BB824A03A4D00AD4053 /* mBook */,
				9F501BB724A03A4D00AD4053 /* Products */,
			);
			sourceTree = "<group>";
		};
		9F501BB724A03A4D00AD4053 /* Products */ = {
			isa = PBXGroup;
			children = (
				9F501BB624A03A4D00AD4053 /* mBook.app */,
			);
			name = Products;
			sourceTree = "<group>";
		};
		9F501BB824A03A4D00AD4053 /* mBook */ = {
			isa = PBXGroup;
			children = (
				9F913E1824C2E72F00EE6095 /* IF */,
				9F913E1524C2BD4800EE6095 /* Comps */,
				9FE1EC4B24B986E800F8353F /* BottomTabHelperView.swift */,
				9FD1FFA224B99383002BCA81 /* Datas */,
				9FE1EC3F24B8ACC900F8353F /* Shop */,
				9F501BB924A03A4D00AD4053 /* AppDelegate.swift */,
				9F501BBB24A03A4D00AD4053 /* SceneDelegate.swift */,
				9F501BBD24A03A4D00AD4053 /* ContentView.swift */,
				9F501BCD24A03A8C00AD4053 /* LoginView.swift */,
				9F501BBF24A03A5200AD4053 /* Assets.xcassets */,
				9F501BC424A03A5200AD4053 /* LaunchScreen.storyboard */,
				9F501BC724A03A5200AD4053 /* Info.plist */,
				9F501BD124A06B4A00AD4053 /* Resources */,
				9F501BC124A03A5200AD4053 /* Preview Content */,
				9F27617D24A5CAED00D96C3E /* CodeScanner.swift */,
				9F27618124A5E53F00D96C3E /* MainView.swift */,
				9F43AE6424AEE11D00866A11 /* Base */,
				9F43AE5F24AB001600866A11 /* MBDeviceData.swift */,
				9F43AE6724AEF79F00866A11 /* RegistView.swift */,
				9F43AE6924AF144000866A11 /* FindPSWView.swift */,
			);
			path = mBook;
			sourceTree = "<group>";
		};
		9F501BC124A03A5200AD4053 /* Preview Content */ = {
			isa = PBXGroup;
			children = (
				9F501BC224A03A5200AD4053 /* Preview Assets.xcassets */,
			);
			path = "Preview Content";
			sourceTree = "<group>";
		};
		9F501BD124A06B4A00AD4053 /* Resources */ = {
			isa = PBXGroup;
			children = (
				9F24EDB024CBA9E300D02ABC /* mb_qr.jpg */,
				9FC1372724C0AF8900DE7F25 /* loginheader.png */,
				9F0C07F324A06CA90076BF08 /* loginheader.jpg */,
			);
			path = Resources;
			sourceTree = "<group>";
		};
		9F913E1524C2BD4800EE6095 /* Comps */ = {
			isa = PBXGroup;
			children = (
				9F913E1624C2BDC500EE6095 /* ShopHeadView.swift */,
				9F07816C24C423A0003C26E5 /* MBText.swift */,
				9FF1F86F24C5DA9500D90B53 /* Model.swift */,
			);
			path = Comps;
			sourceTree = "<group>";
		};
		9F913E1824C2E72F00EE6095 /* IF */ = {
			isa = PBXGroup;
			children = (
				9F913E1924C2E75200EE6095 /* ShopInfoResult.swift */,
			);
			path = IF;
			sourceTree = "<group>";
		};
		9FD1FFA224B99383002BCA81 /* Datas */ = {
			isa = PBXGroup;
			children = (
				9FD1FFA324B993E1002BCA81 /* BottomTabResource.swift */,
			);
			path = Datas;
			sourceTree = "<group>";
		};
		9FE1EC3F24B8ACC900F8353F /* Shop */ = {
			isa = PBXGroup;
			children = (
				9FE1EC4224B8AD3200F8353F /* ShopTabView.swift */,
				9FE1EC4424B8AD5D00F8353F /* MenuView.swift */,
				9F913E1B24C2ED3A00EE6095 /* ShopMainView.swift */,
				9F101FF524C3DB0F00947B89 /* ShopPageCreatorView.swift */,
				9F93990F24C7410500925282 /* TestView.swift */,
			);
			path = Shop;
			sourceTree = "<group>";
		};
/* End PBXGroup section */

/* Begin PBXNativeTarget section */
		9F501BB524A03A4D00AD4053 /* mBook */ = {
			isa = PBXNativeTarget;
			buildConfigurationList = 9F501BCA24A03A5200AD4053 /* Build configuration list for PBXNativeTarget "mBook" */;
			buildPhases = (
				9F501BB224A03A4D00AD4053 /* Sources */,
				9F501BB324A03A4D00AD4053 /* Frameworks */,
				9F501BB424A03A4D00AD4053 /* Resources */,
			);
			buildRules = (
			);
			dependencies = (
			);
			name = mBook;
			packageProductDependencies = (
				9FE1EC4724B94A4000F8353F /* SDWebImageSwiftUI */,
				9F23891724C8381800436F45 /* PartialSheet */,
				9F23891A24C83AA900436F45 /* SDWebImageSVGCoder */,
			);
			productName = mBook;
			productReference = 9F501BB624A03A4D00AD4053 /* mBook.app */;
			productType = "com.apple.product-type.application";
		};
/* End PBXNativeTarget section */

/* Begin PBXProject section */
		9F501BAE24A03A4D00AD4053 /* Project object */ = {
			isa = PBXProject;
			attributes = {
				LastSwiftUpdateCheck = 1150;
				LastUpgradeCheck = 1150;
				ORGANIZATIONNAME = "Meal Book corp.";
				TargetAttributes = {
					9F501BB524A03A4D00AD4053 = {
						CreatedOnToolsVersion = 11.5;
					};
				};
			};
			buildConfigurationList = 9F501BB124A03A4D00AD4053 /* Build configuration list for PBXProject "mBook" */;
			compatibilityVersion = "Xcode 9.3";
			developmentRegion = en;
			hasScannedForEncodings = 0;
			knownRegions = (
				en,
				Base,
			);
			mainGroup = 9F501BAD24A03A4D00AD4053;
			packageReferences = (
				9FE1EC4624B94A4000F8353F /* XCRemoteSwiftPackageReference "SDWebImageSwiftUI" */,
				9F23891624C8381800436F45 /* XCRemoteSwiftPackageReference "PartialSheet" */,
				9F23891924C83AA900436F45 /* XCRemoteSwiftPackageReference "SDWebImageSVGCoder" */,
			);
			productRefGroup = 9F501BB724A03A4D00AD4053 /* Products */;
			projectDirPath = "";
			projectRoot = "";
			targets = (
				9F501BB524A03A4D00AD4053 /* mBook */,
			);
		};
/* End PBXProject section */

/* Begin PBXResourcesBuildPhase section */
		9F501BB424A03A4D00AD4053 /* Resources */ = {
			isa = PBXResourcesBuildPhase;
			buildActionMask = 2147483647;
			files = (
				9F0C07F424A06CA90076BF08 /* loginheader.jpg in Resources */,
				9F501BC624A03A5200AD4053 /* LaunchScreen.storyboard in Resources */,
				9F24EDB124CBA9E300D02ABC /* mb_qr.jpg in Resources */,
				9F501BC324A03A5200AD4053 /* Preview Assets.xcassets in Resources */,
				9FC1372924C0AF8900DE7F25 /* loginheader.png in Resources */,
				9F501BC024A03A5200AD4053 /* Assets.xcassets in Resources */,
			);
			runOnlyForDeploymentPostprocessing = 0;
		};
/* End PBXResourcesBuildPhase section */

/* Begin PBXSourcesBuildPhase section */
		9F501BB224A03A4D00AD4053 /* Sources */ = {
			isa = PBXSourcesBuildPhase;
			buildActionMask = 2147483647;
			files = (
				9F23891D24C85F0500436F45 /* DocFileManager.swift in Sources */,
				9F93991024C7410500925282 /* TestView.swift in Sources */,
				9F58F93D24B05C7700E1A937 /* APIHelper.swift in Sources */,
				9F913E1C24C2ED3A00EE6095 /* ShopMainView.swift in Sources */,
				9F4F22B124C27B610042ECD9 /* WebView.swift in Sources */,
				9F27617E24A5CAED00D96C3E /* CodeScanner.swift in Sources */,
				9F92722924CA66E900D9C947 /* LoginResult.swift in Sources */,
				9F27618224A5E53F00D96C3E /* MainView.swift in Sources */,
				9F58F93B24B055D000E1A937 /* DeviceInfo.swift in Sources */,
				9F43AE6A24AF144000866A11 /* FindPSWView.swift in Sources */,
				9F501BBA24A03A4D00AD4053 /* AppDelegate.swift in Sources */,
				9FE1EC3824B09D4C00F8353F /* APIResult.swift in Sources */,
				9FE1EC4524B8AD5D00F8353F /* MenuView.swift in Sources */,
				9F913E1A24C2E75200EE6095 /* ShopInfoResult.swift in Sources */,
				9F07816D24C423A0003C26E5 /* MBText.swift in Sources */,
				9F908AA724CB1F29003E1625 /* Token.swift in Sources */,
				9F913E1424C2B29800EE6095 /* YoutubeWebView.swift in Sources */,
				9F07816F24C43C91003C26E5 /* CommentInputView.swift in Sources */,
				9F501BBC24A03A4D00AD4053 /* SceneDelegate.swift in Sources */,
				9FF1F87024C5DA9500D90B53 /* Model.swift in Sources */,
				9FE1EC4324B8AD3200F8353F /* ShopTabView.swift in Sources */,
				9FD1FFA424B993E1002BCA81 /* BottomTabResource.swift in Sources */,
				9F27618624AAF4B100D96C3E /* KeyChain.swift in Sources */,
				9F501BCE24A03A8C00AD4053 /* LoginView.swift in Sources */,
				9FE1EC4A24B973E100F8353F /* MBWebImageView.swift in Sources */,
				9FAC423624BA085400472429 /* MBUIColor.swift in Sources */,
				9F43AE6824AEF79F00866A11 /* RegistView.swift in Sources */,
				9F43AE6024AB001600866A11 /* MBDeviceData.swift in Sources */,
				9F43AE6624AEE16100866A11 /* DeviceHelper.swift in Sources */,
				9F101FF624C3DB0F00947B89 /* ShopPageCreatorView.swift in Sources */,
				9F913E1724C2BDC500EE6095 /* ShopHeadView.swift in Sources */,
				9F501BBE24A03A4D00AD4053 /* ContentView.swift in Sources */,
				9FE1EC4C24B986E800F8353F /* BottomTabHelperView.swift in Sources */,
				9F43AE6224AEDF1B00866A11 /* Constants.swift in Sources */,
			);
			runOnlyForDeploymentPostprocessing = 0;
		};
/* End PBXSourcesBuildPhase section */

/* Begin PBXVariantGroup section */
		9F501BC424A03A5200AD4053 /* LaunchScreen.storyboard */ = {
			isa = PBXVariantGroup;
			children = (
				9F501BC524A03A5200AD4053 /* Base */,
			);
			name = LaunchScreen.storyboard;
			sourceTree = "<group>";
		};
/* End PBXVariantGroup section */

/* Begin XCBuildConfiguration section */
		9F501BC824A03A5200AD4053 /* Debug */ = {
			isa = XCBuildConfiguration;
			buildSettings = {
				ALWAYS_SEARCH_USER_PATHS = NO;
				CLANG_ANALYZER_NONNULL = YES;
				CLANG_ANALYZER_NUMBER_OBJECT_CONVERSION = YES_AGGRESSIVE;
				CLANG_CXX_LANGUAGE_STANDARD = "gnu++14";
				CLANG_CXX_LIBRARY = "libc++";
				CLANG_ENABLE_MODULES = YES;
				CLANG_ENABLE_OBJC_ARC = YES;
				CLANG_ENABLE_OBJC_WEAK = YES;
				CLANG_WARN_BLOCK_CAPTURE_AUTORELEASING = YES;
				CLANG_WARN_BOOL_CONVERSION = YES;
				CLANG_WARN_COMMA = YES;
				CLANG_WARN_CONSTANT_CONVERSION = YES;
				CLANG_WARN_DEPRECATED_OBJC_IMPLEMENTATIONS = YES;
				CLANG_WARN_DIRECT_OBJC_ISA_USAGE = YES_ERROR;
				CLANG_WARN_DOCUMENTATION_COMMENTS = YES;
				CLANG_WARN_EMPTY_BODY = YES;
				CLANG_WARN_ENUM_CONVERSION = YES;
				CLANG_WARN_INFINITE_RECURSION = YES;
				CLANG_WARN_INT_CONVERSION = YES;
				CLANG_WARN_NON_LITERAL_NULL_CONVERSION = YES;
				CLANG_WARN_OBJC_IMPLICIT_RETAIN_SELF = YES;
				CLANG_WARN_OBJC_LITERAL_CONVERSION = YES;
				CLANG_WARN_OBJC_ROOT_CLASS = YES_ERROR;
				CLANG_WARN_RANGE_LOOP_ANALYSIS = YES;
				CLANG_WARN_STRICT_PROTOTYPES = YES;
				CLANG_WARN_SUSPICIOUS_MOVE = YES;
				CLANG_WARN_UNGUARDED_AVAILABILITY = YES_AGGRESSIVE;
				CLANG_WARN_UNREACHABLE_CODE = YES;
				CLANG_WARN__DUPLICATE_METHOD_MATCH = YES;
				COPY_PHASE_STRIP = NO;
				DEBUG_INFORMATION_FORMAT = dwarf;
				ENABLE_STRICT_OBJC_MSGSEND = YES;
				ENABLE_TESTABILITY = YES;
				GCC_C_LANGUAGE_STANDARD = gnu11;
				GCC_DYNAMIC_NO_PIC = NO;
				GCC_NO_COMMON_BLOCKS = YES;
				GCC_OPTIMIZATION_LEVEL = 0;
				GCC_PREPROCESSOR_DEFINITIONS = (
					"DEBUG=1",
					"$(inherited)",
				);
				GCC_WARN_64_TO_32_BIT_CONVERSION = YES;
				GCC_WARN_ABOUT_RETURN_TYPE = YES_ERROR;
				GCC_WARN_UNDECLARED_SELECTOR = YES;
				GCC_WARN_UNINITIALIZED_AUTOS = YES_AGGRESSIVE;
				GCC_WARN_UNUSED_FUNCTION = YES;
				GCC_WARN_UNUSED_VARIABLE = YES;
				IPHONEOS_DEPLOYMENT_TARGET = 13.5;
				MTL_ENABLE_DEBUG_INFO = INCLUDE_SOURCE;
				MTL_FAST_MATH = YES;
				ONLY_ACTIVE_ARCH = YES;
				SDKROOT = iphoneos;
				SWIFT_ACTIVE_COMPILATION_CONDITIONS = DEBUG;
				SWIFT_OPTIMIZATION_LEVEL = "-Onone";
			};
			name = Debug;
		};
		9F501BC924A03A5200AD4053 /* Release */ = {
			isa = XCBuildConfiguration;
			buildSettings = {
				ALWAYS_SEARCH_USER_PATHS = NO;
				CLANG_ANALYZER_NONNULL = YES;
				CLANG_ANALYZER_NUMBER_OBJECT_CONVERSION = YES_AGGRESSIVE;
				CLANG_CXX_LANGUAGE_STANDARD = "gnu++14";
				CLANG_CXX_LIBRARY = "libc++";
				CLANG_ENABLE_MODULES = YES;
				CLANG_ENABLE_OBJC_ARC = YES;
				CLANG_ENABLE_OBJC_WEAK = YES;
				CLANG_WARN_BLOCK_CAPTURE_AUTORELEASING = YES;
				CLANG_WARN_BOOL_CONVERSION = YES;
				CLANG_WARN_COMMA = YES;
				CLANG_WARN_CONSTANT_CONVERSION = YES;
				CLANG_WARN_DEPRECATED_OBJC_IMPLEMENTATIONS = YES;
				CLANG_WARN_DIRECT_OBJC_ISA_USAGE = YES_ERROR;
				CLANG_WARN_DOCUMENTATION_COMMENTS = YES;
				CLANG_WARN_EMPTY_BODY = YES;
				CLANG_WARN_ENUM_CONVERSION = YES;
				CLANG_WARN_INFINITE_RECURSION = YES;
				CLANG_WARN_INT_CONVERSION = YES;
				CLANG_WARN_NON_LITERAL_NULL_CONVERSION = YES;
				CLANG_WARN_OBJC_IMPLICIT_RETAIN_SELF = YES;
				CLANG_WARN_OBJC_LITERAL_CONVERSION = YES;
				CLANG_WARN_OBJC_ROOT_CLASS = YES_ERROR;
				CLANG_WARN_RANGE_LOOP_ANALYSIS = YES;
				CLANG_WARN_STRICT_PROTOTYPES = YES;
				CLANG_WARN_SUSPICIOUS_MOVE = YES;
				CLANG_WARN_UNGUARDED_AVAILABILITY = YES_AGGRESSIVE;
				CLANG_WARN_UNREACHABLE_CODE = YES;
				CLANG_WARN__DUPLICATE_METHOD_MATCH = YES;
				COPY_PHASE_STRIP = NO;
				DEBUG_INFORMATION_FORMAT = "dwarf-with-dsym";
				ENABLE_NS_ASSERTIONS = NO;
				ENABLE_STRICT_OBJC_MSGSEND = YES;
				GCC_C_LANGUAGE_STANDARD = gnu11;
				GCC_NO_COMMON_BLOCKS = YES;
				GCC_WARN_64_TO_32_BIT_CONVERSION = YES;
				GCC_WARN_ABOUT_RETURN_TYPE = YES_ERROR;
				GCC_WARN_UNDECLARED_SELECTOR = YES;
				GCC_WARN_UNINITIALIZED_AUTOS = YES_AGGRESSIVE;
				GCC_WARN_UNUSED_FUNCTION = YES;
				GCC_WARN_UNUSED_VARIABLE = YES;
				IPHONEOS_DEPLOYMENT_TARGET = 13.5;
				MTL_ENABLE_DEBUG_INFO = NO;
				MTL_FAST_MATH = YES;
				SDKROOT = iphoneos;
				SWIFT_COMPILATION_MODE = wholemodule;
				SWIFT_OPTIMIZATION_LEVEL = "-O";
				VALIDATE_PRODUCT = YES;
			};
			name = Release;
		};
		9F501BCB24A03A5200AD4053 /* Debug */ = {
			isa = XCBuildConfiguration;
			buildSettings = {
				ASSETCATALOG_COMPILER_APPICON_NAME = AppIcon;
				CODE_SIGN_STYLE = Automatic;
				DEVELOPMENT_ASSET_PATHS = "\"mBook/Preview Content\"";
				DEVELOPMENT_TEAM = WUA3WK8AU7;
				ENABLE_PREVIEWS = YES;
				INFOPLIST_FILE = mBook/Info.plist;
				LD_RUNPATH_SEARCH_PATHS = (
					"$(inherited)",
					"@executable_path/Frameworks",
				);
				PRODUCT_BUNDLE_IDENTIFIER = mealbook.mBook;
				PRODUCT_NAME = "$(TARGET_NAME)";
				SWIFT_VERSION = 5.0;
				TARGETED_DEVICE_FAMILY = "1,2";
			};
			name = Debug;
		};
		9F501BCC24A03A5200AD4053 /* Release */ = {
			isa = XCBuildConfiguration;
			buildSettings = {
				ASSETCATALOG_COMPILER_APPICON_NAME = AppIcon;
				CODE_SIGN_STYLE = Automatic;
				DEVELOPMENT_ASSET_PATHS = "\"mBook/Preview Content\"";
				DEVELOPMENT_TEAM = WUA3WK8AU7;
				ENABLE_PREVIEWS = YES;
				INFOPLIST_FILE = mBook/Info.plist;
				LD_RUNPATH_SEARCH_PATHS = (
					"$(inherited)",
					"@executable_path/Frameworks",
				);
				PRODUCT_BUNDLE_IDENTIFIER = mealbook.mBook;
				PRODUCT_NAME = "$(TARGET_NAME)";
				SWIFT_VERSION = 5.0;
				TARGETED_DEVICE_FAMILY = "1,2";
			};
			name = Release;
		};
/* End XCBuildConfiguration section */

/* Begin XCConfigurationList section */
		9F501BB124A03A4D00AD4053 /* Build configuration list for PBXProject "mBook" */ = {
			isa = XCConfigurationList;
			buildConfigurations = (
				9F501BC824A03A5200AD4053 /* Debug */,
				9F501BC924A03A5200AD4053 /* Release */,
			);
			defaultConfigurationIsVisible = 0;
			defaultConfigurationName = Release;
		};
		9F501BCA24A03A5200AD4053 /* Build configuration list for PBXNativeTarget "mBook" */ = {
			isa = XCConfigurationList;
			buildConfigurations = (
				9F501BCB24A03A5200AD4053 /* Debug */,
				9F501BCC24A03A5200AD4053 /* Release */,
			);
			defaultConfigurationIsVisible = 0;
			defaultConfigurationName = Release;
		};
/* End XCConfigurationList section */

/* Begin XCRemoteSwiftPackageReference section */
		9F23891624C8381800436F45 /* XCRemoteSwiftPackageReference "PartialSheet" */ = {
			isa = XCRemoteSwiftPackageReference;
			repositoryURL = "https://github.com/AndreaMiotto/PartialSheet.git";
			requirement = {
				kind = upToNextMajorVersion;
				minimumVersion = 2.1.6;
			};
		};
		9F23891924C83AA900436F45 /* XCRemoteSwiftPackageReference "SDWebImageSVGCoder" */ = {
			isa = XCRemoteSwiftPackageReference;
			repositoryURL = "https://github.com/SDWebImage/SDWebImageSVGCoder.git";
			requirement = {
				kind = upToNextMajorVersion;
				minimumVersion = 1.5.0;
			};
		};
		9FE1EC4624B94A4000F8353F /* XCRemoteSwiftPackageReference "SDWebImageSwiftUI" */ = {
			isa = XCRemoteSwiftPackageReference;
			repositoryURL = "https://github.com/SDWebImage/SDWebImageSwiftUI.git";
			requirement = {
				kind = upToNextMajorVersion;
				minimumVersion = 1.5.0;
			};
		};
/* End XCRemoteSwiftPackageReference section */

/* Begin XCSwiftPackageProductDependency section */
		9F23891724C8381800436F45 /* PartialSheet */ = {
			isa = XCSwiftPackageProductDependency;
			package = 9F23891624C8381800436F45 /* XCRemoteSwiftPackageReference "PartialSheet" */;
			productName = PartialSheet;
		};
		9F23891A24C83AA900436F45 /* SDWebImageSVGCoder */ = {
			isa = XCSwiftPackageProductDependency;
			package = 9F23891924C83AA900436F45 /* XCRemoteSwiftPackageReference "SDWebImageSVGCoder" */;
			productName = SDWebImageSVGCoder;
		};
		9FE1EC4724B94A4000F8353F /* SDWebImageSwiftUI */ = {
			isa = XCSwiftPackageProductDependency;
			package = 9FE1EC4624B94A4000F8353F /* XCRemoteSwiftPackageReference "SDWebImageSwiftUI" */;
			productName = SDWebImageSwiftUI;
		};
/* End XCSwiftPackageProductDependency section */
	};
	rootObject = 9F501BAE24A03A4D00AD4053 /* Project object */;
}
